
Microsoft Visual Studio Solution File, Format Version 12.00
# Visual Studio Version 17
VisualStudioVersion = 17.5.002.0
MinimumVisualStudioVersion = 10.0.40219.1
Project("{2150E333-8FDC-42A3-9474-1A3956D46DE8}") = "Labfiles", "Labfiles", "{B651EBF1-F5E6-48D5-9CDD-5874978FBA86}"
EndProject
Project("{2150E333-8FDC-42A3-9474-1A3956D46DE8}") = "02-azure-openai-api", "02-azure-openai-api", "{92DE9470-DB3F-4A9F-848A-3321A80963C0}"
EndProject
Project("{9A19103F-16F7-4668-BE54-9A1E7A4F7556}") = "CSharp", "Labfiles\02-azure-openai-api\CSharp\CSharp.csproj", "{86E9C8A4-AE43-4AE8-A300-C57D19FDB779}"
EndProject
Project("{2150E333-8FDC-42A3-9474-1A3956D46DE8}") = "03-prompt-engineering", "03-prompt-engineering", "{11C61735-C55B-46C2-90DC-A42895C36077}"
EndProject
Project("{9A19103F-16F7-4668-BE54-9A1E7A4F7556}") = "CSharp", "Labfiles\03-prompt-engineering\CSharp\CSharp.csproj", "{7F26820F-2E28-47FB-B486-7CEA30E98F96}"
EndProject
Project("{2150E333-8FDC-42A3-9474-1A3956D46DE8}") = "04-code-generation", "04-code-generation", "{A4D6A8E7-7E48-4A2B-9CFA-1DA3F38015BC}"
EndProject
Project("{9A19103F-16F7-4668-BE54-9A1E7A4F7556}") = "CSharp", "Labfiles\04-code-generation\CSharp\CSharp.csproj", "{AED84271-0FCD-48A4-80DC-1ED84F288B43}"
EndProject
Project("{2150E333-8FDC-42A3-9474-1A3956D46DE8}") = "05-image-generation", "05-image-generation", "{4687B806-1562-4285-8839-50723A071DE0}"
EndProject
Project("{9A19103F-16F7-4668-BE54-9A1E7A4F7556}") = "generate_image", "Labfiles\05-image-generation\CSharp\generate_image.csproj", "{1B02C2B9-8414-4108-95F8-D6A8A00BFE83}"
EndProject
Project("{2150E333-8FDC-42A3-9474-1A3956D46DE8}") = "06-use-own-data", "06-use-own-data", "{0A0A2AC5-B486-4E12-A4FF-D585F840A2F0}"
EndProject
Project("{9A19103F-16F7-4668-BE54-9A1E7A4F7556}") = "CSharp", "Labfiles\06-use-own-data\CSharp\CSharp.csproj", "{6163D00A-6574-45AD-84FC-A27266FF861E}"
EndProject
Project("{2150E333-8FDC-42A3-9474-1A3956D46DE8}") = "sample-code", "sample-code", "{0EAF184B-6683-469D-95CE-F17A4D120B9D}"
EndProject
Project("{9A19103F-16F7-4668-BE54-9A1E7A4F7556}") = "CSharp", "Labfiles\04-code-generation\sample-code\go-fish\CSharp.csproj", "{5E2986B0-0235-4A10-A600-8B5BE6FE9A16}"
EndProject
Global
	GlobalSection(SolutionConfigurationPlatforms) = preSolution
		Debug|Any CPU = Debug|Any CPU
		Release|Any CPU = Release|Any CPU
	EndGlobalSection
	GlobalSection(ProjectConfigurationPlatforms) = postSolution
		{86E9C8A4-AE43-4AE8-A300-C57D19FDB779}.Debug|Any CPU.ActiveCfg = Debug|Any CPU
		{86E9C8A4-AE43-4AE8-A300-C57D19FDB779}.Debug|Any CPU.Build.0 = Debug|Any CPU
		{86E9C8A4-AE43-4AE8-A300-C57D19FDB779}.Release|Any CPU.ActiveCfg = Release|Any CPU
		{86E9C8A4-AE43-4AE8-A300-C57D19FDB779}.Release|Any CPU.Build.0 = Release|Any CPU
		{7F26820F-2E28-47FB-B486-7CEA30E98F96}.Debug|Any CPU.ActiveCfg = Debug|Any CPU
		{7F26820F-2E28-47FB-B486-7CEA30E98F96}.Debug|Any CPU.Build.0 = Debug|Any CPU
		{7F26820F-2E28-47FB-B486-7CEA30E98F96}.Release|Any CPU.ActiveCfg = Release|Any CPU
		{7F26820F-2E28-47FB-B486-7CEA30E98F96}.Release|Any CPU.Build.0 = Release|Any CPU
		{AED84271-0FCD-48A4-80DC-1ED84F288B43}.Debug|Any CPU.ActiveCfg = Debug|Any CPU
		{AED84271-0FCD-48A4-80DC-1ED84F288B43}.Debug|Any CPU.Build.0 = Debug|Any CPU
		{AED84271-0FCD-48A4-80DC-1ED84F288B43}.Release|Any CPU.ActiveCfg = Release|Any CPU
		{AED84271-0FCD-48A4-80DC-1ED84F288B43}.Release|Any CPU.Build.0 = Release|Any CPU
		{1B02C2B9-8414-4108-95F8-D6A8A00BFE83}.Debug|Any CPU.ActiveCfg = Debug|Any CPU
		{1B02C2B9-8414-4108-95F8-D6A8A00BFE83}.Debug|Any CPU.Build.0 = Debug|Any CPU
		{1B02C2B9-8414-4108-95F8-D6A8A00BFE83}.Release|Any CPU.ActiveCfg = Release|Any CPU
		{1B02C2B9-8414-4108-95F8-D6A8A00BFE83}.Release|Any CPU.Build.0 = Release|Any CPU
		{6163D00A-6574-45AD-84FC-A27266FF861E}.Debug|Any CPU.ActiveCfg = Debug|Any CPU
		{6163D00A-6574-45AD-84FC-A27266FF861E}.Debug|Any CPU.Build.0 = Debug|Any CPU
		{6163D00A-6574-45AD-84FC-A27266FF861E}.Release|Any CPU.ActiveCfg = Release|Any CPU
		{6163D00A-6574-45AD-84FC-A27266FF861E}.Release|Any CPU.Build.0 = Release|Any CPU
		{5E2986B0-0235-4A10-A600-8B5BE6FE9A16}.Debug|Any CPU.ActiveCfg = Debug|Any CPU
		{5E2986B0-0235-4A10-A600-8B5BE6FE9A16}.Debug|Any CPU.Build.0 = Debug|Any CPU
		{5E2986B0-0235-4A10-A600-8B5BE6FE9A16}.Release|Any CPU.ActiveCfg = Release|Any CPU
		{5E2986B0-0235-4A10-A600-8B5BE6FE9A16}.Release|Any CPU.Build.0 = Release|Any CPU
	EndGlobalSection
	GlobalSection(SolutionProperties) = preSolution
		HideSolutionNode = FALSE
	EndGlobalSection
	GlobalSection(NestedProjects) = preSolution
		{92DE9470-DB3F-4A9F-848A-3321A80963C0} = {B651EBF1-F5E6-48D5-9CDD-5874978FBA86}
		{86E9C8A4-AE43-4AE8-A300-C57D19FDB779} = {92DE9470-DB3F-4A9F-848A-3321A80963C0}
		{11C61735-C55B-46C2-90DC-A42895C36077} = {B651EBF1-F5E6-48D5-9CDD-5874978FBA86}
		{7F26820F-2E28-47FB-B486-7CEA30E98F96} = {11C61735-C55B-46C2-90DC-A42895C36077}
		{A4D6A8E7-7E48-4A2B-9CFA-1DA3F38015BC} = {B651EBF1-F5E6-48D5-9CDD-5874978FBA86}
		{AED84271-0FCD-48A4-80DC-1ED84F288B43} = {A4D6A8E7-7E48-4A2B-9CFA-1DA3F38015BC}
		{4687B806-1562-4285-8839-50723A071DE0} = {B651EBF1-F5E6-48D5-9CDD-5874978FBA86}
		{1B02C2B9-8414-4108-95F8-D6A8A00BFE83} = {4687B806-1562-4285-8839-50723A071DE0}
		{0A0A2AC5-B486-4E12-A4FF-D585F840A2F0} = {B651EBF1-F5E6-48D5-9CDD-5874978FBA86}
		{6163D00A-6574-45AD-84FC-A27266FF861E} = {0A0A2AC5-B486-4E12-A4FF-D585F840A2F0}
		{0EAF184B-6683-469D-95CE-F17A4D120B9D} = {A4D6A8E7-7E48-4A2B-9CFA-1DA3F38015BC}
		{5E2986B0-0235-4A10-A600-8B5BE6FE9A16} = {0EAF184B-6683-469D-95CE-F17A4D120B9D}
	EndGlobalSection
	GlobalSection(ExtensibilityGlobals) = postSolution
		SolutionGuid = {36BED49B-4C09-4375-B679-374F78904A08}
	EndGlobalSection
EndGlobal
